
Microsoft Visual Studio Solution File, Format Version 10.00
# Visual Studio 2008
Project("{FAE04EC0-301F-11D3-BF4B-00C04F79EFBC}") = "ULS_Site", "ULS_Site\ULS_Site.csproj", "{82E7C527-B19B-4140-A87E-7AF79C571763}"
EndProject
Global
	GlobalSection(SolutionConfigurationPlatforms) = preSolution
		Debug|Any CPU = Debug|Any CPU
		Release|Any CPU = Release|Any CPU
	EndGlobalSection
	GlobalSection(ProjectConfigurationPlatforms) = postSolution
		{82E7C527-B19B-4140-A87E-7AF79C571763}.Debug|Any CPU.ActiveCfg = Debug|Any CPU
		{82E7C527-B19B-4140-A87E-7AF79C571763}.Debug|Any CPU.Build.0 = Debug|Any CPU
		{82E7C527-B19B-4140-A87E-7AF79C571763}.Release|Any CPU.ActiveCfg = Release|Any CPU
		{82E7C527-B19B-4140-A87E-7AF79C571763}.Release|Any CPU.Build.0 = Release|Any CPU
	EndGlobalSection
	GlobalSection(SolutionProperties) = preSolution
		HideSolutionNode = FALSE
	EndGlobalSection
EndGlobal
